// !$*UTF8*$!
{
	archiveVersion = 1;
	classes = {
	};
	objectVersion = 51;
	objects = {

/* Begin PBXBuildFile section */
		5F10201423EF4FA70093D31A /* Syntax.swift in Sources */ = {isa = PBXBuildFile; fileRef = 5F10201323EF4FA70093D31A /* Syntax.swift */; };
		5F1020D023FEE3A50093D31A /* SignUpViewController.swift in Sources */ = {isa = PBXBuildFile; fileRef = 5F1020CF23FEE3A50093D31A /* SignUpViewController.swift */; };
		5F4F30D224081565001578A1 /* LoginSignUp.storyboard in Resources */ = {isa = PBXBuildFile; fileRef = 5F4F30D124081565001578A1 /* LoginSignUp.storyboard */; };
		5F4F30D424081792001578A1 /* Home.storyboard in Resources */ = {isa = PBXBuildFile; fileRef = 5F4F30D324081792001578A1 /* Home.storyboard */; };
		5F4F30D6240818F0001578A1 /* TempMenuViewController.swift in Sources */ = {isa = PBXBuildFile; fileRef = 5F4F30D5240818F0001578A1 /* TempMenuViewController.swift */; };
		5F4F30DC24082485001578A1 /* Cart.storyboard in Resources */ = {isa = PBXBuildFile; fileRef = 5F4F30DB24082485001578A1 /* Cart.storyboard */; };
		5F4F30DE24082494001578A1 /* CartViewController.swift in Sources */ = {isa = PBXBuildFile; fileRef = 5F4F30DD24082494001578A1 /* CartViewController.swift */; };
		5FB88DCA240411AD0041FC73 /* HomeViewController.swift in Sources */ = {isa = PBXBuildFile; fileRef = 5FB88DC9240411AD0041FC73 /* HomeViewController.swift */; };
		5FB88DCC240412E90041FC73 /* LoginViewController.swift in Sources */ = {isa = PBXBuildFile; fileRef = 5FB88DCB240412E90041FC73 /* LoginViewController.swift */; };
		5FB88DCE2404BD3C0041FC73 /* ut.swift in Sources */ = {isa = PBXBuildFile; fileRef = 5FB88DCD2404BD3C0041FC73 /* ut.swift */; };
		7F9492B45568F532460098D9 /* Pods_FleaMarketOnline.framework in Frameworks */ = {isa = PBXBuildFile; fileRef = 2621BD0678E0E1B74711F9AD /* Pods_FleaMarketOnline.framework */; };
		90A5467AC191D9A0941BAACD /* Pods_FleaMarketOnline_FleaMarketOnlineUITests.framework in Frameworks */ = {isa = PBXBuildFile; fileRef = BA48888FC7A5F01B57A57834 /* Pods_FleaMarketOnline_FleaMarketOnlineUITests.framework */; };
		A5286DF363293B7773810EB6 /* Pods_FleaMarketOnlineTests.framework in Frameworks */ = {isa = PBXBuildFile; fileRef = 6D3CF6564B0505295890CC97 /* Pods_FleaMarketOnlineTests.framework */; };
		E8CC40922408227400613880 /* ShoppingCart.storyboard in Resources */ = {isa = PBXBuildFile; fileRef = E8CC40912408227400613880 /* ShoppingCart.storyboard */; };
		EEB565A12406C4FC001B0D8D /* Chat.storyboard in Resources */ = {isa = PBXBuildFile; fileRef = EEB565A02406C4FC001B0D8D /* Chat.storyboard */; };
		EEB565A32406C537001B0D8D /* ChatViewController.swift in Sources */ = {isa = PBXBuildFile; fileRef = EEB565A22406C537001B0D8D /* ChatViewController.swift */; };
		EED6076323EF3F8500DF5CD2 /* AppDelegate.swift in Sources */ = {isa = PBXBuildFile; fileRef = EED6076223EF3F8500DF5CD2 /* AppDelegate.swift */; };
		EED6076523EF3F8500DF5CD2 /* SceneDelegate.swift in Sources */ = {isa = PBXBuildFile; fileRef = EED6076423EF3F8500DF5CD2 /* SceneDelegate.swift */; };
		EED6076723EF3F8500DF5CD2 /* ViewController.swift in Sources */ = {isa = PBXBuildFile; fileRef = EED6076623EF3F8500DF5CD2 /* ViewController.swift */; };
		EED6076A23EF3F8500DF5CD2 /* Main.storyboard in Resources */ = {isa = PBXBuildFile; fileRef = EED6076823EF3F8500DF5CD2 /* Main.storyboard */; };
		EED6076C23EF3F8900DF5CD2 /* Assets.xcassets in Resources */ = {isa = PBXBuildFile; fileRef = EED6076B23EF3F8900DF5CD2 /* Assets.xcassets */; };
		EED6076F23EF3F8900DF5CD2 /* LaunchScreen.storyboard in Resources */ = {isa = PBXBuildFile; fileRef = EED6076D23EF3F8900DF5CD2 /* LaunchScreen.storyboard */; };
		EED6077A23EF3F8900DF5CD2 /* FleaMarketOnlineTests.swift in Sources */ = {isa = PBXBuildFile; fileRef = EED6077923EF3F8900DF5CD2 /* FleaMarketOnlineTests.swift */; };
		EED6078523EF3F8900DF5CD2 /* FleaMarketOnlineUITests.swift in Sources */ = {isa = PBXBuildFile; fileRef = EED6078423EF3F8900DF5CD2 /* FleaMarketOnlineUITests.swift */; };
		EED6079323EF42F900DF5CD2 /* GoogleService-Info.plist in Resources */ = {isa = PBXBuildFile; fileRef = EED6079223EF42F900DF5CD2 /* GoogleService-Info.plist */; };
		EED6079423EF42F900DF5CD2 /* GoogleService-Info.plist in Resources */ = {isa = PBXBuildFile; fileRef = EED6079223EF42F900DF5CD2 /* GoogleService-Info.plist */; };
		EED6079523EF42F900DF5CD2 /* GoogleService-Info.plist in Resources */ = {isa = PBXBuildFile; fileRef = EED6079223EF42F900DF5CD2 /* GoogleService-Info.plist */; };
		EFE03BC0240606C400CBEADC /* Profile.storyboard in Resources */ = {isa = PBXBuildFile; fileRef = EFE03BBF240606C400CBEADC /* Profile.storyboard */; };
		EFE03BC2240606FF00CBEADC /* ProfileViewController.swift in Sources */ = {isa = PBXBuildFile; fileRef = EFE03BC1240606FF00CBEADC /* ProfileViewController.swift */; };
/* End PBXBuildFile section */

/* Begin PBXContainerItemProxy section */
		EED6077623EF3F8900DF5CD2 /* PBXContainerItemProxy */ = {
			isa = PBXContainerItemProxy;
			containerPortal = EED6075723EF3F8500DF5CD2 /* Project object */;
			proxyType = 1;
			remoteGlobalIDString = EED6075E23EF3F8500DF5CD2;
			remoteInfo = FleaMarketOnline;
		};
		EED6078123EF3F8900DF5CD2 /* PBXContainerItemProxy */ = {
			isa = PBXContainerItemProxy;
			containerPortal = EED6075723EF3F8500DF5CD2 /* Project object */;
			proxyType = 1;
			remoteGlobalIDString = EED6075E23EF3F8500DF5CD2;
			remoteInfo = FleaMarketOnline;
		};
/* End PBXContainerItemProxy section */

/* Begin PBXFileReference section */
		17AE7F3C37C73B1C1BC4DA29 /* Pods-FleaMarketOnline.release.xcconfig */ = {isa = PBXFileReference; includeInIndex = 1; lastKnownFileType = text.xcconfig; name = "Pods-FleaMarketOnline.release.xcconfig"; path = "Target Support Files/Pods-FleaMarketOnline/Pods-FleaMarketOnline.release.xcconfig"; sourceTree = "<group>"; };
		2621BD0678E0E1B74711F9AD /* Pods_FleaMarketOnline.framework */ = {isa = PBXFileReference; explicitFileType = wrapper.framework; includeInIndex = 0; path = Pods_FleaMarketOnline.framework; sourceTree = BUILT_PRODUCTS_DIR; };
		3AF25D3F4684BE5454BEB4B0 /* Pods-FleaMarketOnline.debug.xcconfig */ = {isa = PBXFileReference; includeInIndex = 1; lastKnownFileType = text.xcconfig; name = "Pods-FleaMarketOnline.debug.xcconfig"; path = "Target Support Files/Pods-FleaMarketOnline/Pods-FleaMarketOnline.debug.xcconfig"; sourceTree = "<group>"; };
		3F0279646F31CA0F8BAB9883 /* Pods-FleaMarketOnline-FleaMarketOnlineUITests.debug.xcconfig */ = {isa = PBXFileReference; includeInIndex = 1; lastKnownFileType = text.xcconfig; name = "Pods-FleaMarketOnline-FleaMarketOnlineUITests.debug.xcconfig"; path = "Target Support Files/Pods-FleaMarketOnline-FleaMarketOnlineUITests/Pods-FleaMarketOnline-FleaMarketOnlineUITests.debug.xcconfig"; sourceTree = "<group>"; };
		5F10201323EF4FA70093D31A /* Syntax.swift */ = {isa = PBXFileReference; lastKnownFileType = sourcecode.swift; path = Syntax.swift; sourceTree = "<group>"; };
		5F1020CF23FEE3A50093D31A /* SignUpViewController.swift */ = {isa = PBXFileReference; lastKnownFileType = sourcecode.swift; path = SignUpViewController.swift; sourceTree = "<group>"; };
		5F4F30D124081565001578A1 /* LoginSignUp.storyboard */ = {isa = PBXFileReference; lastKnownFileType = file.storyboard; path = LoginSignUp.storyboard; sourceTree = "<group>"; };
		5F4F30D324081792001578A1 /* Home.storyboard */ = {isa = PBXFileReference; lastKnownFileType = file.storyboard; path = Home.storyboard; sourceTree = "<group>"; };
		5F4F30D5240818F0001578A1 /* TempMenuViewController.swift */ = {isa = PBXFileReference; lastKnownFileType = sourcecode.swift; path = TempMenuViewController.swift; sourceTree = "<group>"; };
		5F4F30DB24082485001578A1 /* Cart.storyboard */ = {isa = PBXFileReference; lastKnownFileType = file.storyboard; path = Cart.storyboard; sourceTree = "<group>"; };
		5F4F30DD24082494001578A1 /* CartViewController.swift */ = {isa = PBXFileReference; lastKnownFileType = sourcecode.swift; path = CartViewController.swift; sourceTree = "<group>"; };
		5FB88DC9240411AD0041FC73 /* HomeViewController.swift */ = {isa = PBXFileReference; lastKnownFileType = sourcecode.swift; path = HomeViewController.swift; sourceTree = "<group>"; };
		5FB88DCB240412E90041FC73 /* LoginViewController.swift */ = {isa = PBXFileReference; lastKnownFileType = sourcecode.swift; path = LoginViewController.swift; sourceTree = "<group>"; };
		5FB88DCD2404BD3C0041FC73 /* ut.swift */ = {isa = PBXFileReference; lastKnownFileType = sourcecode.swift; path = ut.swift; sourceTree = "<group>"; };
		6D3CF6564B0505295890CC97 /* Pods_FleaMarketOnlineTests.framework */ = {isa = PBXFileReference; explicitFileType = wrapper.framework; includeInIndex = 0; path = Pods_FleaMarketOnlineTests.framework; sourceTree = BUILT_PRODUCTS_DIR; };
		988FE090E1D241C874BA4CAD /* Pods-FleaMarketOnlineTests.debug.xcconfig */ = {isa = PBXFileReference; includeInIndex = 1; lastKnownFileType = text.xcconfig; name = "Pods-FleaMarketOnlineTests.debug.xcconfig"; path = "Target Support Files/Pods-FleaMarketOnlineTests/Pods-FleaMarketOnlineTests.debug.xcconfig"; sourceTree = "<group>"; };
		BA48888FC7A5F01B57A57834 /* Pods_FleaMarketOnline_FleaMarketOnlineUITests.framework */ = {isa = PBXFileReference; explicitFileType = wrapper.framework; includeInIndex = 0; path = Pods_FleaMarketOnline_FleaMarketOnlineUITests.framework; sourceTree = BUILT_PRODUCTS_DIR; };
		CD012FE40A0373D6ACDEFDC0 /* Pods-FleaMarketOnlineTests.release.xcconfig */ = {isa = PBXFileReference; includeInIndex = 1; lastKnownFileType = text.xcconfig; name = "Pods-FleaMarketOnlineTests.release.xcconfig"; path = "Target Support Files/Pods-FleaMarketOnlineTests/Pods-FleaMarketOnlineTests.release.xcconfig"; sourceTree = "<group>"; };
		DAECFC00DB49FE958E1CD916 /* Pods-FleaMarketOnline-FleaMarketOnlineUITests.release.xcconfig */ = {isa = PBXFileReference; includeInIndex = 1; lastKnownFileType = text.xcconfig; name = "Pods-FleaMarketOnline-FleaMarketOnlineUITests.release.xcconfig"; path = "Target Support Files/Pods-FleaMarketOnline-FleaMarketOnlineUITests/Pods-FleaMarketOnline-FleaMarketOnlineUITests.release.xcconfig"; sourceTree = "<group>"; };
		E8CC40912408227400613880 /* ShoppingCart.storyboard */ = {isa = PBXFileReference; lastKnownFileType = file.storyboard; path = ShoppingCart.storyboard; sourceTree = "<group>"; };
		EEB565A02406C4FC001B0D8D /* Chat.storyboard */ = {isa = PBXFileReference; lastKnownFileType = file.storyboard; path = Chat.storyboard; sourceTree = "<group>"; };
		EEB565A22406C537001B0D8D /* ChatViewController.swift */ = {isa = PBXFileReference; lastKnownFileType = sourcecode.swift; path = ChatViewController.swift; sourceTree = "<group>"; };
		EED6075F23EF3F8500DF5CD2 /* FleaMarketOnline.app */ = {isa = PBXFileReference; explicitFileType = wrapper.application; includeInIndex = 0; path = FleaMarketOnline.app; sourceTree = BUILT_PRODUCTS_DIR; };
		EED6076223EF3F8500DF5CD2 /* AppDelegate.swift */ = {isa = PBXFileReference; lastKnownFileType = sourcecode.swift; path = AppDelegate.swift; sourceTree = "<group>"; };
		EED6076423EF3F8500DF5CD2 /* SceneDelegate.swift */ = {isa = PBXFileReference; lastKnownFileType = sourcecode.swift; path = SceneDelegate.swift; sourceTree = "<group>"; };
		EED6076623EF3F8500DF5CD2 /* ViewController.swift */ = {isa = PBXFileReference; lastKnownFileType = sourcecode.swift; path = ViewController.swift; sourceTree = "<group>"; };
		EED6076923EF3F8500DF5CD2 /* Base */ = {isa = PBXFileReference; lastKnownFileType = file.storyboard; name = Base; path = Base.lproj/Main.storyboard; sourceTree = "<group>"; };
		EED6076B23EF3F8900DF5CD2 /* Assets.xcassets */ = {isa = PBXFileReference; lastKnownFileType = folder.assetcatalog; path = Assets.xcassets; sourceTree = "<group>"; };
		EED6076E23EF3F8900DF5CD2 /* Base */ = {isa = PBXFileReference; lastKnownFileType = file.storyboard; name = Base; path = Base.lproj/LaunchScreen.storyboard; sourceTree = "<group>"; };
		EED6077023EF3F8900DF5CD2 /* Info.plist */ = {isa = PBXFileReference; lastKnownFileType = text.plist.xml; path = Info.plist; sourceTree = "<group>"; };
		EED6077523EF3F8900DF5CD2 /* FleaMarketOnlineTests.xctest */ = {isa = PBXFileReference; explicitFileType = wrapper.cfbundle; includeInIndex = 0; path = FleaMarketOnlineTests.xctest; sourceTree = BUILT_PRODUCTS_DIR; };
		EED6077923EF3F8900DF5CD2 /* FleaMarketOnlineTests.swift */ = {isa = PBXFileReference; lastKnownFileType = sourcecode.swift; path = FleaMarketOnlineTests.swift; sourceTree = "<group>"; };
		EED6077B23EF3F8900DF5CD2 /* Info.plist */ = {isa = PBXFileReference; lastKnownFileType = text.plist.xml; path = Info.plist; sourceTree = "<group>"; };
		EED6078023EF3F8900DF5CD2 /* FleaMarketOnlineUITests.xctest */ = {isa = PBXFileReference; explicitFileType = wrapper.cfbundle; includeInIndex = 0; path = FleaMarketOnlineUITests.xctest; sourceTree = BUILT_PRODUCTS_DIR; };
		EED6078423EF3F8900DF5CD2 /* FleaMarketOnlineUITests.swift */ = {isa = PBXFileReference; lastKnownFileType = sourcecode.swift; path = FleaMarketOnlineUITests.swift; sourceTree = "<group>"; };
		EED6078623EF3F8900DF5CD2 /* Info.plist */ = {isa = PBXFileReference; lastKnownFileType = text.plist.xml; path = Info.plist; sourceTree = "<group>"; };
		EED6079223EF42F900DF5CD2 /* GoogleService-Info.plist */ = {isa = PBXFileReference; fileEncoding = 4; lastKnownFileType = text.plist.xml; path = "GoogleService-Info.plist"; sourceTree = "<group>"; };
		EFE03BBF240606C400CBEADC /* Profile.storyboard */ = {isa = PBXFileReference; lastKnownFileType = file.storyboard; path = Profile.storyboard; sourceTree = "<group>"; };
		EFE03BC1240606FF00CBEADC /* ProfileViewController.swift */ = {isa = PBXFileReference; lastKnownFileType = sourcecode.swift; path = ProfileViewController.swift; sourceTree = "<group>"; };
/* End PBXFileReference section */

/* Begin PBXFrameworksBuildPhase section */
		EED6075C23EF3F8500DF5CD2 /* Frameworks */ = {
			isa = PBXFrameworksBuildPhase;
			buildActionMask = 2147483647;
			files = (
				7F9492B45568F532460098D9 /* Pods_FleaMarketOnline.framework in Frameworks */,
			);
			runOnlyForDeploymentPostprocessing = 0;
		};
		EED6077223EF3F8900DF5CD2 /* Frameworks */ = {
			isa = PBXFrameworksBuildPhase;
			buildActionMask = 2147483647;
			files = (
				A5286DF363293B7773810EB6 /* Pods_FleaMarketOnlineTests.framework in Frameworks */,
			);
			runOnlyForDeploymentPostprocessing = 0;
		};
		EED6077D23EF3F8900DF5CD2 /* Frameworks */ = {
			isa = PBXFrameworksBuildPhase;
			buildActionMask = 2147483647;
			files = (
				90A5467AC191D9A0941BAACD /* Pods_FleaMarketOnline_FleaMarketOnlineUITests.framework in Frameworks */,
			);
			runOnlyForDeploymentPostprocessing = 0;
		};
/* End PBXFrameworksBuildPhase section */

/* Begin PBXGroup section */
		16C18CF0AE343C1EA57886BF /* Pods */ = {
			isa = PBXGroup;
			children = (
				3AF25D3F4684BE5454BEB4B0 /* Pods-FleaMarketOnline.debug.xcconfig */,
				17AE7F3C37C73B1C1BC4DA29 /* Pods-FleaMarketOnline.release.xcconfig */,
				3F0279646F31CA0F8BAB9883 /* Pods-FleaMarketOnline-FleaMarketOnlineUITests.debug.xcconfig */,
				DAECFC00DB49FE958E1CD916 /* Pods-FleaMarketOnline-FleaMarketOnlineUITests.release.xcconfig */,
				988FE090E1D241C874BA4CAD /* Pods-FleaMarketOnlineTests.debug.xcconfig */,
				CD012FE40A0373D6ACDEFDC0 /* Pods-FleaMarketOnlineTests.release.xcconfig */,
			);
			path = Pods;
			sourceTree = "<group>";
		};
		1DF3D1951ABD7F30EB7D4B74 /* Frameworks */ = {
			isa = PBXGroup;
			children = (
				2621BD0678E0E1B74711F9AD /* Pods_FleaMarketOnline.framework */,
				BA48888FC7A5F01B57A57834 /* Pods_FleaMarketOnline_FleaMarketOnlineUITests.framework */,
				6D3CF6564B0505295890CC97 /* Pods_FleaMarketOnlineTests.framework */,
			);
			name = Frameworks;
			sourceTree = "<group>";
		};
		EED6075623EF3F8500DF5CD2 = {
			isa = PBXGroup;
			children = (
				5F10201323EF4FA70093D31A /* Syntax.swift */,
				EED6076123EF3F8500DF5CD2 /* FleaMarketOnline */,
				EED6077823EF3F8900DF5CD2 /* FleaMarketOnlineTests */,
				EED6078323EF3F8900DF5CD2 /* FleaMarketOnlineUITests */,
				EED6076023EF3F8500DF5CD2 /* Products */,
				16C18CF0AE343C1EA57886BF /* Pods */,
				1DF3D1951ABD7F30EB7D4B74 /* Frameworks */,
			);
			sourceTree = "<group>";
		};
		EED6076023EF3F8500DF5CD2 /* Products */ = {
			isa = PBXGroup;
			children = (
				EED6075F23EF3F8500DF5CD2 /* FleaMarketOnline.app */,
				EED6077523EF3F8900DF5CD2 /* FleaMarketOnlineTests.xctest */,
				EED6078023EF3F8900DF5CD2 /* FleaMarketOnlineUITests.xctest */,
			);
			name = Products;
			sourceTree = "<group>";
		};
		EED6076123EF3F8500DF5CD2 /* FleaMarketOnline */ = {
			isa = PBXGroup;
			children = (
				EED6076223EF3F8500DF5CD2 /* AppDelegate.swift */,
				EED6076423EF3F8500DF5CD2 /* SceneDelegate.swift */,
				EED6076623EF3F8500DF5CD2 /* ViewController.swift */,
				EED6079223EF42F900DF5CD2 /* GoogleService-Info.plist */,
				EED6076823EF3F8500DF5CD2 /* Main.storyboard */,
				EED6076B23EF3F8900DF5CD2 /* Assets.xcassets */,
				EED6076D23EF3F8900DF5CD2 /* LaunchScreen.storyboard */,
				EFE03BC1240606FF00CBEADC /* ProfileViewController.swift */,
				EFE03BBF240606C400CBEADC /* Profile.storyboard */,
				EEB565A22406C537001B0D8D /* ChatViewController.swift */,
				EEB565A02406C4FC001B0D8D /* Chat.storyboard */,
				EED6077023EF3F8900DF5CD2 /* Info.plist */,
				5F1020CF23FEE3A50093D31A /* SignUpViewController.swift */,
				5FB88DC9240411AD0041FC73 /* HomeViewController.swift */,
				5FB88DCB240412E90041FC73 /* LoginViewController.swift */,
				5FB88DCD2404BD3C0041FC73 /* ut.swift */,
				E8CC40912408227400613880 /* ShoppingCart.storyboard */,
				5F4F30D124081565001578A1 /* LoginSignUp.storyboard */,
				5F4F30D324081792001578A1 /* Home.storyboard */,
				5F4F30D5240818F0001578A1 /* TempMenuViewController.swift */,
				5F4F30DB24082485001578A1 /* Cart.storyboard */,
				5F4F30DD24082494001578A1 /* CartViewController.swift */,
			);
			path = FleaMarketOnline;
			sourceTree = "<group>";
		};
		EED6077823EF3F8900DF5CD2 /* FleaMarketOnlineTests */ = {
			isa = PBXGroup;
			children = (
				EED6077923EF3F8900DF5CD2 /* FleaMarketOnlineTests.swift */,
				EED6077B23EF3F8900DF5CD2 /* Info.plist */,
			);
			path = FleaMarketOnlineTests;
			sourceTree = "<group>";
		};
		EED6078323EF3F8900DF5CD2 /* FleaMarketOnlineUITests */ = {
			isa = PBXGroup;
			children = (
				EED6078423EF3F8900DF5CD2 /* FleaMarketOnlineUITests.swift */,
				EED6078623EF3F8900DF5CD2 /* Info.plist */,
			);
			path = FleaMarketOnlineUITests;
			sourceTree = "<group>";
		};
/* End PBXGroup section */

/* Begin PBXNativeTarget section */
		EED6075E23EF3F8500DF5CD2 /* FleaMarketOnline */ = {
			isa = PBXNativeTarget;
			buildConfigurationList = EED6078923EF3F8900DF5CD2 /* Build configuration list for PBXNativeTarget "FleaMarketOnline" */;
			buildPhases = (
				9FD3A75F3E252ED035D91705 /* [CP] Check Pods Manifest.lock */,
				EED6075B23EF3F8500DF5CD2 /* Sources */,
				EED6075C23EF3F8500DF5CD2 /* Frameworks */,
				EED6075D23EF3F8500DF5CD2 /* Resources */,
				18A46AC3F7336713E952E989 /* [CP] Embed Pods Frameworks */,
			);
			buildRules = (
			);
			dependencies = (
			);
			name = FleaMarketOnline;
			productName = FleaMarketOnline;
			productReference = EED6075F23EF3F8500DF5CD2 /* FleaMarketOnline.app */;
			productType = "com.apple.product-type.application";
		};
		EED6077423EF3F8900DF5CD2 /* FleaMarketOnlineTests */ = {
			isa = PBXNativeTarget;
			buildConfigurationList = EED6078C23EF3F8900DF5CD2 /* Build configuration list for PBXNativeTarget "FleaMarketOnlineTests" */;
			buildPhases = (
				89AA5FA261AA557B519649DF /* [CP] Check Pods Manifest.lock */,
				EED6077123EF3F8900DF5CD2 /* Sources */,
				EED6077223EF3F8900DF5CD2 /* Frameworks */,
				EED6077323EF3F8900DF5CD2 /* Resources */,
			);
			buildRules = (
			);
			dependencies = (
				EED6077723EF3F8900DF5CD2 /* PBXTargetDependency */,
			);
			name = FleaMarketOnlineTests;
			productName = FleaMarketOnlineTests;
			productReference = EED6077523EF3F8900DF5CD2 /* FleaMarketOnlineTests.xctest */;
			productType = "com.apple.product-type.bundle.unit-test";
		};
		EED6077F23EF3F8900DF5CD2 /* FleaMarketOnlineUITests */ = {
			isa = PBXNativeTarget;
			buildConfigurationList = EED6078F23EF3F8900DF5CD2 /* Build configuration list for PBXNativeTarget "FleaMarketOnlineUITests" */;
			buildPhases = (
				31031AE4571559AABD3EF10E /* [CP] Check Pods Manifest.lock */,
				EED6077C23EF3F8900DF5CD2 /* Sources */,
				EED6077D23EF3F8900DF5CD2 /* Frameworks */,
				EED6077E23EF3F8900DF5CD2 /* Resources */,
				7F5F5CD4327373E180FE3C93 /* [CP] Embed Pods Frameworks */,
			);
			buildRules = (
			);
			dependencies = (
				EED6078223EF3F8900DF5CD2 /* PBXTargetDependency */,
			);
			name = FleaMarketOnlineUITests;
			productName = FleaMarketOnlineUITests;
			productReference = EED6078023EF3F8900DF5CD2 /* FleaMarketOnlineUITests.xctest */;
			productType = "com.apple.product-type.bundle.ui-testing";
		};
/* End PBXNativeTarget section */

/* Begin PBXProject section */
		EED6075723EF3F8500DF5CD2 /* Project object */ = {
			isa = PBXProject;
			attributes = {
				LastSwiftUpdateCheck = 1130;
				LastUpgradeCheck = 1130;
				ORGANIZATIONNAME = HEWZ;
				TargetAttributes = {
					EED6075E23EF3F8500DF5CD2 = {
						CreatedOnToolsVersion = 11.3.1;
					};
					EED6077423EF3F8900DF5CD2 = {
						CreatedOnToolsVersion = 11.3.1;
						TestTargetID = EED6075E23EF3F8500DF5CD2;
					};
					EED6077F23EF3F8900DF5CD2 = {
						CreatedOnToolsVersion = 11.3.1;
						TestTargetID = EED6075E23EF3F8500DF5CD2;
					};
				};
			};
			buildConfigurationList = EED6075A23EF3F8500DF5CD2 /* Build configuration list for PBXProject "FleaMarketOnline" */;
			compatibilityVersion = "Xcode 9.3";
			developmentRegion = en;
			hasScannedForEncodings = 0;
			knownRegions = (
				en,
				Base,
			);
			mainGroup = EED6075623EF3F8500DF5CD2;
			productRefGroup = EED6076023EF3F8500DF5CD2 /* Products */;
			projectDirPath = "";
			projectRoot = "";
			targets = (
				EED6075E23EF3F8500DF5CD2 /* FleaMarketOnline */,
				EED6077423EF3F8900DF5CD2 /* FleaMarketOnlineTests */,
				EED6077F23EF3F8900DF5CD2 /* FleaMarketOnlineUITests */,
			);
		};
/* End PBXProject section */

/* Begin PBXResourcesBuildPhase section */
		EED6075D23EF3F8500DF5CD2 /* Resources */ = {
			isa = PBXResourcesBuildPhase;
			buildActionMask = 2147483647;
			files = (
				EEB565A12406C4FC001B0D8D /* Chat.storyboard in Resources */,
				5F4F30D224081565001578A1 /* LoginSignUp.storyboard in Resources */,
				EED6076F23EF3F8900DF5CD2 /* LaunchScreen.storyboard in Resources */,
				EED6079323EF42F900DF5CD2 /* GoogleService-Info.plist in Resources */,
				E8CC40922408227400613880 /* ShoppingCart.storyboard in Resources */,
				EFE03BC0240606C400CBEADC /* Profile.storyboard in Resources */,
				EED6076C23EF3F8900DF5CD2 /* Assets.xcassets in Resources */,
				EED6076A23EF3F8500DF5CD2 /* Main.storyboard in Resources */,
				5F4F30DC24082485001578A1 /* Cart.storyboard in Resources */,
				5F4F30D424081792001578A1 /* Home.storyboard in Resources */,
			);
			runOnlyForDeploymentPostprocessing = 0;
		};
		EED6077323EF3F8900DF5CD2 /* Resources */ = {
			isa = PBXResourcesBuildPhase;
			buildActionMask = 2147483647;
			files = (
				EED6079423EF42F900DF5CD2 /* GoogleService-Info.plist in Resources */,
			);
			runOnlyForDeploymentPostprocessing = 0;
		};
		EED6077E23EF3F8900DF5CD2 /* Resources */ = {
			isa = PBXResourcesBuildPhase;
			buildActionMask = 2147483647;
			files = (
				EED6079523EF42F900DF5CD2 /* GoogleService-Info.plist in Resources */,
			);
			runOnlyForDeploymentPostprocessing = 0;
		};
/* End PBXResourcesBuildPhase section */

/* Begin PBXShellScriptBuildPhase section */
		18A46AC3F7336713E952E989 /* [CP] Embed Pods Frameworks */ = {
			isa = PBXShellScriptBuildPhase;
			buildActionMask = 2147483647;
			files = (
			);
			inputFileListPaths = (
				"${PODS_ROOT}/Target Support Files/Pods-FleaMarketOnline/Pods-FleaMarketOnline-frameworks-${CONFIGURATION}-input-files.xcfilelist",
			);
			name = "[CP] Embed Pods Frameworks";
			outputFileListPaths = (
				"${PODS_ROOT}/Target Support Files/Pods-FleaMarketOnline/Pods-FleaMarketOnline-frameworks-${CONFIGURATION}-output-files.xcfilelist",
			);
			runOnlyForDeploymentPostprocessing = 0;
			shellPath = /bin/sh;
			shellScript = "\"${PODS_ROOT}/Target Support Files/Pods-FleaMarketOnline/Pods-FleaMarketOnline-frameworks.sh\"\n";
			showEnvVarsInLog = 0;
		};
		31031AE4571559AABD3EF10E /* [CP] Check Pods Manifest.lock */ = {
			isa = PBXShellScriptBuildPhase;
			buildActionMask = 2147483647;
			files = (
			);
			inputFileListPaths = (
			);
			inputPaths = (
				"${PODS_PODFILE_DIR_PATH}/Podfile.lock",
				"${PODS_ROOT}/Manifest.lock",
			);
			name = "[CP] Check Pods Manifest.lock";
			outputFileListPaths = (
			);
			outputPaths = (
				"$(DERIVED_FILE_DIR)/Pods-FleaMarketOnline-FleaMarketOnlineUITests-checkManifestLockResult.txt",
			);
			runOnlyForDeploymentPostprocessing = 0;
			shellPath = /bin/sh;
			shellScript = "diff \"${PODS_PODFILE_DIR_PATH}/Podfile.lock\" \"${PODS_ROOT}/Manifest.lock\" > /dev/null\nif [ $? != 0 ] ; then\n    # print error to STDERR\n    echo \"error: The sandbox is not in sync with the Podfile.lock. Run 'pod install' or update your CocoaPods installation.\" >&2\n    exit 1\nfi\n# This output is used by Xcode 'outputs' to avoid re-running this script phase.\necho \"SUCCESS\" > \"${SCRIPT_OUTPUT_FILE_0}\"\n";
			showEnvVarsInLog = 0;
		};
		7F5F5CD4327373E180FE3C93 /* [CP] Embed Pods Frameworks */ = {
			isa = PBXShellScriptBuildPhase;
			buildActionMask = 2147483647;
			files = (
			);
			inputFileListPaths = (
				"${PODS_ROOT}/Target Support Files/Pods-FleaMarketOnline-FleaMarketOnlineUITests/Pods-FleaMarketOnline-FleaMarketOnlineUITests-frameworks-${CONFIGURATION}-input-files.xcfilelist",
			);
			name = "[CP] Embed Pods Frameworks";
			outputFileListPaths = (
				"${PODS_ROOT}/Target Support Files/Pods-FleaMarketOnline-FleaMarketOnlineUITests/Pods-FleaMarketOnline-FleaMarketOnlineUITests-frameworks-${CONFIGURATION}-output-files.xcfilelist",
			);
			runOnlyForDeploymentPostprocessing = 0;
			shellPath = /bin/sh;
			shellScript = "\"${PODS_ROOT}/Target Support Files/Pods-FleaMarketOnline-FleaMarketOnlineUITests/Pods-FleaMarketOnline-FleaMarketOnlineUITests-frameworks.sh\"\n";
			showEnvVarsInLog = 0;
		};
		89AA5FA261AA557B519649DF /* [CP] Check Pods Manifest.lock */ = {
			isa = PBXShellScriptBuildPhase;
			buildActionMask = 2147483647;
			files = (
			);
			inputFileListPaths = (
			);
			inputPaths = (
				"${PODS_PODFILE_DIR_PATH}/Podfile.lock",
				"${PODS_ROOT}/Manifest.lock",
			);
			name = "[CP] Check Pods Manifest.lock";
			outputFileListPaths = (
			);
			outputPaths = (
				"$(DERIVED_FILE_DIR)/Pods-FleaMarketOnlineTests-checkManifestLockResult.txt",
			);
			runOnlyForDeploymentPostprocessing = 0;
			shellPath = /bin/sh;
			shellScript = "diff \"${PODS_PODFILE_DIR_PATH}/Podfile.lock\" \"${PODS_ROOT}/Manifest.lock\" > /dev/null\nif [ $? != 0 ] ; then\n    # print error to STDERR\n    echo \"error: The sandbox is not in sync with the Podfile.lock. Run 'pod install' or update your CocoaPods installation.\" >&2\n    exit 1\nfi\n# This output is used by Xcode 'outputs' to avoid re-running this script phase.\necho \"SUCCESS\" > \"${SCRIPT_OUTPUT_FILE_0}\"\n";
			showEnvVarsInLog = 0;
		};
		9FD3A75F3E252ED035D91705 /* [CP] Check Pods Manifest.lock */ = {
			isa = PBXShellScriptBuildPhase;
			buildActionMask = 2147483647;
			files = (
			);
			inputFileListPaths = (
			);
			inputPaths = (
				"${PODS_PODFILE_DIR_PATH}/Podfile.lock",
				"${PODS_ROOT}/Manifest.lock",
			);
			name = "[CP] Check Pods Manifest.lock";
			outputFileListPaths = (
			);
			outputPaths = (
				"$(DERIVED_FILE_DIR)/Pods-FleaMarketOnline-checkManifestLockResult.txt",
			);
			runOnlyForDeploymentPostprocessing = 0;
			shellPath = /bin/sh;
			shellScript = "diff \"${PODS_PODFILE_DIR_PATH}/Podfile.lock\" \"${PODS_ROOT}/Manifest.lock\" > /dev/null\nif [ $? != 0 ] ; then\n    # print error to STDERR\n    echo \"error: The sandbox is not in sync with the Podfile.lock. Run 'pod install' or update your CocoaPods installation.\" >&2\n    exit 1\nfi\n# This output is used by Xcode 'outputs' to avoid re-running this script phase.\necho \"SUCCESS\" > \"${SCRIPT_OUTPUT_FILE_0}\"\n";
			showEnvVarsInLog = 0;
		};
/* End PBXShellScriptBuildPhase section */

/* Begin PBXSourcesBuildPhase section */
		EED6075B23EF3F8500DF5CD2 /* Sources */ = {
			isa = PBXSourcesBuildPhase;
			buildActionMask = 2147483647;
			files = (
				5FB88DCC240412E90041FC73 /* LoginViewController.swift in Sources */,
				EED6076723EF3F8500DF5CD2 /* ViewController.swift in Sources */,
				EED6076323EF3F8500DF5CD2 /* AppDelegate.swift in Sources */,
				5F10201423EF4FA70093D31A /* Syntax.swift in Sources */,
				5F4F30DE24082494001578A1 /* CartViewController.swift in Sources */,
				5FB88DCE2404BD3C0041FC73 /* ut.swift in Sources */,
				5F4F30D6240818F0001578A1 /* TempMenuViewController.swift in Sources */,
				EED6076523EF3F8500DF5CD2 /* SceneDelegate.swift in Sources */,
				EFE03BC2240606FF00CBEADC /* ProfileViewController.swift in Sources */,
				5F1020D023FEE3A50093D31A /* SignUpViewController.swift in Sources */,
				EEB565A32406C537001B0D8D /* ChatViewController.swift in Sources */,
				5FB88DCA240411AD0041FC73 /* HomeViewController.swift in Sources */,
			);
			runOnlyForDeploymentPostprocessing = 0;
		};
		EED6077123EF3F8900DF5CD2 /* Sources */ = {
			isa = PBXSourcesBuildPhase;
			buildActionMask = 2147483647;
			files = (
				EED6077A23EF3F8900DF5CD2 /* FleaMarketOnlineTests.swift in Sources */,
			);
			runOnlyForDeploymentPostprocessing = 0;
		};
		EED6077C23EF3F8900DF5CD2 /* Sources */ = {
			isa = PBXSourcesBuildPhase;
			buildActionMask = 2147483647;
			files = (
				EED6078523EF3F8900DF5CD2 /* FleaMarketOnlineUITests.swift in Sources */,
			);
			runOnlyForDeploymentPostprocessing = 0;
		};
/* End PBXSourcesBuildPhase section */

/* Begin PBXTargetDependency section */
		EED6077723EF3F8900DF5CD2 /* PBXTargetDependency */ = {
			isa = PBXTargetDependency;
			target = EED6075E23EF3F8500DF5CD2 /* FleaMarketOnline */;
			targetProxy = EED6077623EF3F8900DF5CD2 /* PBXContainerItemProxy */;
		};
		EED6078223EF3F8900DF5CD2 /* PBXTargetDependency */ = {
			isa = PBXTargetDependency;
			target = EED6075E23EF3F8500DF5CD2 /* FleaMarketOnline */;
			targetProxy = EED6078123EF3F8900DF5CD2 /* PBXContainerItemProxy */;
		};
/* End PBXTargetDependency section */

/* Begin PBXVariantGroup section */
		EED6076823EF3F8500DF5CD2 /* Main.storyboard */ = {
			isa = PBXVariantGroup;
			children = (
				EED6076923EF3F8500DF5CD2 /* Base */,
			);
			name = Main.storyboard;
			sourceTree = "<group>";
		};
		EED6076D23EF3F8900DF5CD2 /* LaunchScreen.storyboard */ = {
			isa = PBXVariantGroup;
			children = (
				EED6076E23EF3F8900DF5CD2 /* Base */,
			);
			name = LaunchScreen.storyboard;
			sourceTree = "<group>";
		};
/* End PBXVariantGroup section */

/* Begin XCBuildConfiguration section */
		EED6078723EF3F8900DF5CD2 /* Debug */ = {
			isa = XCBuildConfiguration;
			buildSettings = {
				ALWAYS_SEARCH_USER_PATHS = NO;
				CLANG_ANALYZER_NONNULL = YES;
				CLANG_ANALYZER_NUMBER_OBJECT_CONVERSION = YES_AGGRESSIVE;
				CLANG_CXX_LANGUAGE_STANDARD = "gnu++14";
				CLANG_CXX_LIBRARY = "libc++";
				CLANG_ENABLE_MODULES = YES;
				CLANG_ENABLE_OBJC_ARC = YES;
				CLANG_ENABLE_OBJC_WEAK = YES;
				CLANG_WARN_BLOCK_CAPTURE_AUTORELEASING = YES;
				CLANG_WARN_BOOL_CONVERSION = YES;
				CLANG_WARN_COMMA = YES;
				CLANG_WARN_CONSTANT_CONVERSION = YES;
				CLANG_WARN_DEPRECATED_OBJC_IMPLEMENTATIONS = YES;
				CLANG_WARN_DIRECT_OBJC_ISA_USAGE = YES_ERROR;
				CLANG_WARN_DOCUMENTATION_COMMENTS = YES;
				CLANG_WARN_EMPTY_BODY = YES;
				CLANG_WARN_ENUM_CONVERSION = YES;
				CLANG_WARN_INFINITE_RECURSION = YES;
				CLANG_WARN_INT_CONVERSION = YES;
				CLANG_WARN_NON_LITERAL_NULL_CONVERSION = YES;
				CLANG_WARN_OBJC_IMPLICIT_RETAIN_SELF = YES;
				CLANG_WARN_OBJC_LITERAL_CONVERSION = YES;
				CLANG_WARN_OBJC_ROOT_CLASS = YES_ERROR;
				CLANG_WARN_RANGE_LOOP_ANALYSIS = YES;
				CLANG_WARN_STRICT_PROTOTYPES = YES;
				CLANG_WARN_SUSPICIOUS_MOVE = YES;
				CLANG_WARN_UNGUARDED_AVAILABILITY = YES_AGGRESSIVE;
				CLANG_WARN_UNREACHABLE_CODE = YES;
				CLANG_WARN__DUPLICATE_METHOD_MATCH = YES;
				COPY_PHASE_STRIP = NO;
				DEBUG_INFORMATION_FORMAT = dwarf;
				ENABLE_STRICT_OBJC_MSGSEND = YES;
				ENABLE_TESTABILITY = YES;
				GCC_C_LANGUAGE_STANDARD = gnu11;
				GCC_DYNAMIC_NO_PIC = NO;
				GCC_NO_COMMON_BLOCKS = YES;
				GCC_OPTIMIZATION_LEVEL = 0;
				GCC_PREPROCESSOR_DEFINITIONS = (
					"DEBUG=1",
					"$(inherited)",
				);
				GCC_WARN_64_TO_32_BIT_CONVERSION = YES;
				GCC_WARN_ABOUT_RETURN_TYPE = YES_ERROR;
				GCC_WARN_UNDECLARED_SELECTOR = YES;
				GCC_WARN_UNINITIALIZED_AUTOS = YES_AGGRESSIVE;
				GCC_WARN_UNUSED_FUNCTION = YES;
				GCC_WARN_UNUSED_VARIABLE = YES;
				IPHONEOS_DEPLOYMENT_TARGET = 13.2;
				MTL_ENABLE_DEBUG_INFO = INCLUDE_SOURCE;
				MTL_FAST_MATH = YES;
				ONLY_ACTIVE_ARCH = YES;
				SDKROOT = iphoneos;
				SWIFT_ACTIVE_COMPILATION_CONDITIONS = DEBUG;
				SWIFT_OPTIMIZATION_LEVEL = "-Onone";
			};
			name = Debug;
		};
		EED6078823EF3F8900DF5CD2 /* Release */ = {
			isa = XCBuildConfiguration;
			buildSettings = {
				ALWAYS_SEARCH_USER_PATHS = NO;
				CLANG_ANALYZER_NONNULL = YES;
				CLANG_ANALYZER_NUMBER_OBJECT_CONVERSION = YES_AGGRESSIVE;
				CLANG_CXX_LANGUAGE_STANDARD = "gnu++14";
				CLANG_CXX_LIBRARY = "libc++";
				CLANG_ENABLE_MODULES = YES;
				CLANG_ENABLE_OBJC_ARC = YES;
				CLANG_ENABLE_OBJC_WEAK = YES;
				CLANG_WARN_BLOCK_CAPTURE_AUTORELEASING = YES;
				CLANG_WARN_BOOL_CONVERSION = YES;
				CLANG_WARN_COMMA = YES;
				CLANG_WARN_CONSTANT_CONVERSION = YES;
				CLANG_WARN_DEPRECATED_OBJC_IMPLEMENTATIONS = YES;
				CLANG_WARN_DIRECT_OBJC_ISA_USAGE = YES_ERROR;
				CLANG_WARN_DOCUMENTATION_COMMENTS = YES;
				CLANG_WARN_EMPTY_BODY = YES;
				CLANG_WARN_ENUM_CONVERSION = YES;
				CLANG_WARN_INFINITE_RECURSION = YES;
				CLANG_WARN_INT_CONVERSION = YES;
				CLANG_WARN_NON_LITERAL_NULL_CONVERSION = YES;
				CLANG_WARN_OBJC_IMPLICIT_RETAIN_SELF = YES;
				CLANG_WARN_OBJC_LITERAL_CONVERSION = YES;
				CLANG_WARN_OBJC_ROOT_CLASS = YES_ERROR;
				CLANG_WARN_RANGE_LOOP_ANALYSIS = YES;
				CLANG_WARN_STRICT_PROTOTYPES = YES;
				CLANG_WARN_SUSPICIOUS_MOVE = YES;
				CLANG_WARN_UNGUARDED_AVAILABILITY = YES_AGGRESSIVE;
				CLANG_WARN_UNREACHABLE_CODE = YES;
				CLANG_WARN__DUPLICATE_METHOD_MATCH = YES;
				COPY_PHASE_STRIP = NO;
				DEBUG_INFORMATION_FORMAT = "dwarf-with-dsym";
				ENABLE_NS_ASSERTIONS = NO;
				ENABLE_STRICT_OBJC_MSGSEND = YES;
				GCC_C_LANGUAGE_STANDARD = gnu11;
				GCC_NO_COMMON_BLOCKS = YES;
				GCC_WARN_64_TO_32_BIT_CONVERSION = YES;
				GCC_WARN_ABOUT_RETURN_TYPE = YES_ERROR;
				GCC_WARN_UNDECLARED_SELECTOR = YES;
				GCC_WARN_UNINITIALIZED_AUTOS = YES_AGGRESSIVE;
				GCC_WARN_UNUSED_FUNCTION = YES;
				GCC_WARN_UNUSED_VARIABLE = YES;
				IPHONEOS_DEPLOYMENT_TARGET = 13.2;
				MTL_ENABLE_DEBUG_INFO = NO;
				MTL_FAST_MATH = YES;
				SDKROOT = iphoneos;
				SWIFT_COMPILATION_MODE = wholemodule;
				SWIFT_OPTIMIZATION_LEVEL = "-O";
				VALIDATE_PRODUCT = YES;
			};
			name = Release;
		};
		EED6078A23EF3F8900DF5CD2 /* Debug */ = {
			isa = XCBuildConfiguration;
			baseConfigurationReference = 3AF25D3F4684BE5454BEB4B0 /* Pods-FleaMarketOnline.debug.xcconfig */;
			buildSettings = {
				ASSETCATALOG_COMPILER_APPICON_NAME = AppIcon;
				CODE_SIGN_STYLE = Automatic;
				INFOPLIST_FILE = FleaMarketOnline/Info.plist;
				LD_RUNPATH_SEARCH_PATHS = (
					"$(inherited)",
					"@executable_path/Frameworks",
				);
				PRODUCT_BUNDLE_IDENTIFIER = com.hewz.FleaMarketOnline;
				PRODUCT_NAME = "$(TARGET_NAME)";
				SWIFT_VERSION = 5.0;
				TARGETED_DEVICE_FAMILY = "1,2";
			};
			name = Debug;
		};
		EED6078B23EF3F8900DF5CD2 /* Release */ = {
			isa = XCBuildConfiguration;
			baseConfigurationReference = 17AE7F3C37C73B1C1BC4DA29 /* Pods-FleaMarketOnline.release.xcconfig */;
			buildSettings = {
				ASSETCATALOG_COMPILER_APPICON_NAME = AppIcon;
				CODE_SIGN_STYLE = Automatic;
				INFOPLIST_FILE = FleaMarketOnline/Info.plist;
				LD_RUNPATH_SEARCH_PATHS = (
					"$(inherited)",
					"@executable_path/Frameworks",
				);
				PRODUCT_BUNDLE_IDENTIFIER = com.hewz.FleaMarketOnline;
				PRODUCT_NAME = "$(TARGET_NAME)";
				SWIFT_VERSION = 5.0;
				TARGETED_DEVICE_FAMILY = "1,2";
			};
			name = Release;
		};
		EED6078D23EF3F8900DF5CD2 /* Debug */ = {
			isa = XCBuildConfiguration;
			baseConfigurationReference = 988FE090E1D241C874BA4CAD /* Pods-FleaMarketOnlineTests.debug.xcconfig */;
			buildSettings = {
				ALWAYS_EMBED_SWIFT_STANDARD_LIBRARIES = YES;
				BUNDLE_LOADER = "$(TEST_HOST)";
				CODE_SIGN_STYLE = Automatic;
				INFOPLIST_FILE = FleaMarketOnlineTests/Info.plist;
				IPHONEOS_DEPLOYMENT_TARGET = 13.2;
				LD_RUNPATH_SEARCH_PATHS = (
					"$(inherited)",
					"@executable_path/Frameworks",
					"@loader_path/Frameworks",
				);
				PRODUCT_BUNDLE_IDENTIFIER = com.hewz.FleaMarketOnlineTests;
				PRODUCT_NAME = "$(TARGET_NAME)";
				SWIFT_VERSION = 5.0;
				TARGETED_DEVICE_FAMILY = "1,2";
				TEST_HOST = "$(BUILT_PRODUCTS_DIR)/FleaMarketOnline.app/FleaMarketOnline";
			};
			name = Debug;
		};
		EED6078E23EF3F8900DF5CD2 /* Release */ = {
			isa = XCBuildConfiguration;
			baseConfigurationReference = CD012FE40A0373D6ACDEFDC0 /* Pods-FleaMarketOnlineTests.release.xcconfig */;
			buildSettings = {
				ALWAYS_EMBED_SWIFT_STANDARD_LIBRARIES = YES;
				BUNDLE_LOADER = "$(TEST_HOST)";
				CODE_SIGN_STYLE = Automatic;
				INFOPLIST_FILE = FleaMarketOnlineTests/Info.plist;
				IPHONEOS_DEPLOYMENT_TARGET = 13.2;
				LD_RUNPATH_SEARCH_PATHS = (
					"$(inherited)",
					"@executable_path/Frameworks",
					"@loader_path/Frameworks",
				);
				PRODUCT_BUNDLE_IDENTIFIER = com.hewz.FleaMarketOnlineTests;
				PRODUCT_NAME = "$(TARGET_NAME)";
				SWIFT_VERSION = 5.0;
				TARGETED_DEVICE_FAMILY = "1,2";
				TEST_HOST = "$(BUILT_PRODUCTS_DIR)/FleaMarketOnline.app/FleaMarketOnline";
			};
			name = Release;
		};
		EED6079023EF3F8900DF5CD2 /* Debug */ = {
			isa = XCBuildConfiguration;
			baseConfigurationReference = 3F0279646F31CA0F8BAB9883 /* Pods-FleaMarketOnline-FleaMarketOnlineUITests.debug.xcconfig */;
			buildSettings = {
				ALWAYS_EMBED_SWIFT_STANDARD_LIBRARIES = YES;
				CODE_SIGN_STYLE = Automatic;
				INFOPLIST_FILE = FleaMarketOnlineUITests/Info.plist;
				LD_RUNPATH_SEARCH_PATHS = (
					"$(inherited)",
					"@executable_path/Frameworks",
					"@loader_path/Frameworks",
				);
				PRODUCT_BUNDLE_IDENTIFIER = com.hewz.FleaMarketOnlineUITests;
				PRODUCT_NAME = "$(TARGET_NAME)";
				SWIFT_VERSION = 5.0;
				TARGETED_DEVICE_FAMILY = "1,2";
				TEST_TARGET_NAME = FleaMarketOnline;
			};
			name = Debug;
		};
		EED6079123EF3F8900DF5CD2 /* Release */ = {
			isa = XCBuildConfiguration;
			baseConfigurationReference = DAECFC00DB49FE958E1CD916 /* Pods-FleaMarketOnline-FleaMarketOnlineUITests.release.xcconfig */;
			buildSettings = {
				ALWAYS_EMBED_SWIFT_STANDARD_LIBRARIES = YES;
				CODE_SIGN_STYLE = Automatic;
				INFOPLIST_FILE = FleaMarketOnlineUITests/Info.plist;
				LD_RUNPATH_SEARCH_PATHS = (
					"$(inherited)",
					"@executable_path/Frameworks",
					"@loader_path/Frameworks",
				);
				PRODUCT_BUNDLE_IDENTIFIER = com.hewz.FleaMarketOnlineUITests;
				PRODUCT_NAME = "$(TARGET_NAME)";
				SWIFT_VERSION = 5.0;
				TARGETED_DEVICE_FAMILY = "1,2";
				TEST_TARGET_NAME = FleaMarketOnline;
			};
			name = Release;
		};
/* End XCBuildConfiguration section */

/* Begin XCConfigurationList section */
		EED6075A23EF3F8500DF5CD2 /* Build configuration list for PBXProject "FleaMarketOnline" */ = {
			isa = XCConfigurationList;
			buildConfigurations = (
				EED6078723EF3F8900DF5CD2 /* Debug */,
				EED6078823EF3F8900DF5CD2 /* Release */,
			);
			defaultConfigurationIsVisible = 0;
			defaultConfigurationName = Release;
		};
		EED6078923EF3F8900DF5CD2 /* Build configuration list for PBXNativeTarget "FleaMarketOnline" */ = {
			isa = XCConfigurationList;
			buildConfigurations = (
				EED6078A23EF3F8900DF5CD2 /* Debug */,
				EED6078B23EF3F8900DF5CD2 /* Release */,
			);
			defaultConfigurationIsVisible = 0;
			defaultConfigurationName = Release;
		};
		EED6078C23EF3F8900DF5CD2 /* Build configuration list for PBXNativeTarget "FleaMarketOnlineTests" */ = {
			isa = XCConfigurationList;
			buildConfigurations = (
				EED6078D23EF3F8900DF5CD2 /* Debug */,
				EED6078E23EF3F8900DF5CD2 /* Release */,
			);
			defaultConfigurationIsVisible = 0;
			defaultConfigurationName = Release;
		};
		EED6078F23EF3F8900DF5CD2 /* Build configuration list for PBXNativeTarget "FleaMarketOnlineUITests" */ = {
			isa = XCConfigurationList;
			buildConfigurations = (
				EED6079023EF3F8900DF5CD2 /* Debug */,
				EED6079123EF3F8900DF5CD2 /* Release */,
			);
			defaultConfigurationIsVisible = 0;
			defaultConfigurationName = Release;
		};
/* End XCConfigurationList section */
	};
	rootObject = EED6075723EF3F8500DF5CD2 /* Project object */;
}
